
Microsoft Visual Studio Solution File, Format Version 9.00
# Visual Studio 2005
Project("{FAE04EC0-301F-11D3-BF4B-00C04F79EFBC}") = "SanSee", "SanSee\SanSee.csproj", "{AFC03671-8252-497B-9B1F-187FFA89B753}"
EndProject
Global
	GlobalSection(SolutionConfigurationPlatforms) = preSolution
		Debug|Any CPU = Debug|Any CPU
		Release|Any CPU = Release|Any CPU
	EndGlobalSection
	GlobalSection(ProjectConfigurationPlatforms) = postSolution
		{AFC03671-8252-497B-9B1F-187FFA89B753}.Debug|Any CPU.ActiveCfg = Debug|Any CPU
		{AFC03671-8252-497B-9B1F-187FFA89B753}.Debug|Any CPU.Build.0 = Debug|Any CPU
		{AFC03671-8252-497B-9B1F-187FFA89B753}.Release|Any CPU.ActiveCfg = Release|Any CPU
		{AFC03671-8252-497B-9B1F-187FFA89B753}.Release|Any CPU.Build.0 = Release|Any CPU
	EndGlobalSection
	GlobalSection(SolutionProperties) = preSolution
		HideSolutionNode = FALSE
	EndGlobalSection
EndGlobal
